
Microsoft Visual Studio Solution File, Format Version 12.00
# Visual Studio Version 17
VisualStudioVersion = 17.9.34616.47
MinimumVisualStudioVersion = 10.0.40219.1
Project("{FAE04EC0-301F-11D3-BF4B-00C04F79EFBC}") = "EmployeeManagementSystem", "EmployeeManagementSystem\EmployeeManagementSystem.csproj", "{7BD62C55-8EA8-418E-A4BF-9032A180D43B}"
EndProject
Global
	GlobalSection(SolutionConfigurationPlatforms) = preSolution
		Debug|Any CPU = Debug|Any CPU
		Release|Any CPU = Release|Any CPU
	EndGlobalSection
	GlobalSection(ProjectConfigurationPlatforms) = postSolution
		{7BD62C55-8EA8-418E-A4BF-9032A180D43B}.Debug|Any CPU.ActiveCfg = Debug|Any CPU
		{7BD62C55-8EA8-418E-A4BF-9032A180D43B}.Debug|Any CPU.Build.0 = Debug|Any CPU
		{7BD62C55-8EA8-418E-A4BF-9032A180D43B}.Release|Any CPU.ActiveCfg = Release|Any CPU
		{7BD62C55-8EA8-418E-A4BF-9032A180D43B}.Release|Any CPU.Build.0 = Release|Any CPU
	EndGlobalSection
	GlobalSection(SolutionProperties) = preSolution
		HideSolutionNode = FALSE
	EndGlobalSection
	GlobalSection(ExtensibilityGlobals) = postSolution
		SolutionGuid = {368C138D-E45E-427F-BBAF-8A28708D4578}
	EndGlobalSection
EndGlobal
